
Microsoft Visual Studio Solution File, Format Version 12.00
# Visual Studio Version 16
VisualStudioVersion = 16.0.30804.86
MinimumVisualStudioVersion = 10.0.40219.1
Project("{FAE04EC0-301F-11D3-BF4B-00C04F79EFBC}") = "AppDemo", "AppDemo\AppDemo.csproj", "{CEB8A704-2846-4643-9503-031DE2DC0125}"
EndProject
Global
	GlobalSection(SolutionConfigurationPlatforms) = preSolution
		Debug|Any CPU = Debug|Any CPU
		Release|Any CPU = Release|Any CPU
	EndGlobalSection
	GlobalSection(ProjectConfigurationPlatforms) = postSolution
		{CEB8A704-2846-4643-9503-031DE2DC0125}.Debug|Any CPU.ActiveCfg = Debug|Any CPU
		{CEB8A704-2846-4643-9503-031DE2DC0125}.Debug|Any CPU.Build.0 = Debug|Any CPU
		{CEB8A704-2846-4643-9503-031DE2DC0125}.Release|Any CPU.ActiveCfg = Release|Any CPU
		{CEB8A704-2846-4643-9503-031DE2DC0125}.Release|Any CPU.Build.0 = Release|Any CPU
	EndGlobalSection
	GlobalSection(SolutionProperties) = preSolution
		HideSolutionNode = FALSE
	EndGlobalSection
	GlobalSection(ExtensibilityGlobals) = postSolution
		SolutionGuid = {B7FA4AB4-93DA-4251-A9E1-40EE4B0CDED5}
	EndGlobalSection
EndGlobal
